lockfileVersion: '6.0'

settings:
  autoInstallPeers: true
  excludeLinksFromLockfile: false

dependencies:
  '@polkadot/api':
    specifier: ^10.10.1
    version: 10.10.1

devDependencies:
  '@polkadot/types':
    specifier: ^10.10.1
    version: 10.10.1
  ts-node:
    specifier: ^10.9.1
    version: 10.9.1(@types/node@20.8.6)(typescript@5.2.2)
  typescript:
    specifier: ^5.2.2
    version: 5.2.2

packages:

  /@cspotcode/source-map-support@0.8.1:
    resolution: {integrity: sha512-IchNf6dN4tHoMFIn/7OE8LWZ19Y6q/67Bmf6vnGREv8RSbBVb9LPJxEcnwrcwX6ixSvaiGoomAUvu4YSxXrVgw==}
    engines: {node: '>=12'}
    dependencies:
      '@jridgewell/trace-mapping': 0.3.9
    dev: true

  /@jridgewell/resolve-uri@3.1.1:
    resolution: {integrity: sha512-dSYZh7HhCDtCKm4QakX0xFpsRDqjjtZf/kjI/v3T3Nwt5r8/qz/M19F9ySyOqU94SXBmeG9ttTul+YnR4LOxFA==}
    engines: {node: '>=6.0.0'}
    dev: true

  /@jridgewell/sourcemap-codec@1.4.15:
    resolution: {integrity: sha512-eF2rxCRulEKXHTRiDrDy6erMYWqNw4LPdQ8UQA4huuxaQsVeRPFl2oM8oDGxMFhJUWZf9McpLtJasDDZb/Bpeg==}
    dev: true

  /@jridgewell/trace-mapping@0.3.9:
    resolution: {integrity: sha512-3Belt6tdc8bPgAtbcmdtNJlirVoTmEb5e2gC94PnkwEW9jI6CAHUeoG85tjWP5WquqfavoMtMwiG4P926ZKKuQ==}
    dependencies:
      '@jridgewell/resolve-uri': 3.1.1
      '@jridgewell/sourcemap-codec': 1.4.15
    dev: true

  /@noble/curves@1.2.0:
    resolution: {integrity: sha512-oYclrNgRaM9SsBUBVbb8M6DTV7ZHRTKugureoYEncY5c65HOmRzvSiTE3y5CYaPYJA/GVkrhXEoF0M3Ya9PMnw==}
    dependencies:
      '@noble/hashes': 1.3.2

  /@noble/hashes@1.3.2:
    resolution: {integrity: sha512-MVC8EAQp7MvEcm30KWENFjgR+Mkmf+D189XJTkFIlwohU5hcBbn1ZkKq7KVTi2Hme3PMGF390DaL52beVrIihQ==}
    engines: {node: '>= 16'}

  /@polkadot/api-augment@10.10.1:
    resolution: {integrity: sha512-J0r1DT1M5y75iO1iwcpUBokKD3q6b22kWlPfiHEDNFydVw5vm7OTRBk9Njjl8rOnlSzcW/Ya8qWfV/wkrqHxUQ==}
    engines: {node: '>=16'}
    dependencies:
      '@polkadot/api-base': 10.10.1
      '@polkadot/rpc-augment': 10.10.1
      '@polkadot/types': 10.10.1
      '@polkadot/types-augment': 10.10.1
      '@polkadot/types-codec': 10.10.1
      '@polkadot/util': 12.5.1
      tslib: 2.6.2
    transitivePeerDependencies:
      - bufferutil
      - supports-color
      - utf-8-validate
    dev: false

  /@polkadot/api-base@10.10.1:
    resolution: {integrity: sha512-joH2Ywxnn+AStkw+JWAdF3i3WJy4NcBYp0SWJM/WqGafWR/FuHnati2pcj/MHzkHT8JkBippmSSJFvsqRhlwcQ==}
    engines: {node: '>=16'}
    dependencies:
      '@polkadot/rpc-core': 10.10.1
      '@polkadot/types': 10.10.1
      '@polkadot/util': 12.5.1
      rxjs: 7.8.1
      tslib: 2.6.2
    transitivePeerDependencies:
      - bufferutil
      - supports-color
      - utf-8-validate
    dev: false

  /@polkadot/api-derive@10.10.1:
    resolution: {integrity: sha512-Q9Ibs4eRPqdV8qnRzFPD3dlWNbLHxRqMqNTNPmNQwKPo5m6fcQbZ0UZy3yJ+PI9S4AQHGhsWtfoi5qW8006GHQ==}
    engines: {node: '>=16'}
    dependencies:
      '@polkadot/api': 10.10.1
      '@polkadot/api-augment': 10.10.1
      '@polkadot/api-base': 10.10.1
      '@polkadot/rpc-core': 10.10.1
      '@polkadot/types': 10.10.1
      '@polkadot/types-codec': 10.10.1
      '@polkadot/util': 12.5.1
      '@polkadot/util-crypto': 12.5.1(@polkadot/util@12.5.1)
      rxjs: 7.8.1
      tslib: 2.6.2
    transitivePeerDependencies:
      - bufferutil
      - supports-color
      - utf-8-validate
    dev: false

  /@polkadot/api@10.10.1:
    resolution: {integrity: sha512-YHVkmNvjGF4Eg3thAbVhj9UX3SXx+Yxk6yVuzsEcckEudIRHzL2ikIWGCfUprfzSeFNpUCKdJIi1tsxVHtA7Tg==}
    engines: {node: '>=16'}
    dependencies:
      '@polkadot/api-augment': 10.10.1
      '@polkadot/api-base': 10.10.1
      '@polkadot/api-derive': 10.10.1
      '@polkadot/keyring': 12.5.1(@polkadot/util-crypto@12.5.1)(@polkadot/util@12.5.1)
      '@polkadot/rpc-augment': 10.10.1
      '@polkadot/rpc-core': 10.10.1
      '@polkadot/rpc-provider': 10.10.1
      '@polkadot/types': 10.10.1
      '@polkadot/types-augment': 10.10.1
      '@polkadot/types-codec': 10.10.1
      '@polkadot/types-create': 10.10.1
      '@polkadot/types-known': 10.10.1
      '@polkadot/util': 12.5.1
      '@polkadot/util-crypto': 12.5.1(@polkadot/util@12.5.1)
      eventemitter3: 5.0.1
      rxjs: 7.8.1
      tslib: 2.6.2
    transitivePeerDependencies:
      - bufferutil
      - supports-color
      - utf-8-validate
    dev: false

  /@polkadot/keyring@12.5.1(@polkadot/util-crypto@12.5.1)(@polkadot/util@12.5.1):
    resolution: {integrity: sha512-u6b+Q7wI6WY/vwmJS9uUHy/5hKZ226nTlVNmxjkj9GvrRsQvUSwS94163yHPJwiZJiIv5xK5m0rwCMyoYu+wjA==}
    engines: {node: '>=16'}
    peerDependencies:
      '@polkadot/util': 12.5.1
      '@polkadot/util-crypto': 12.5.1
    dependencies:
      '@polkadot/util': 12.5.1
      '@polkadot/util-crypto': 12.5.1(@polkadot/util@12.5.1)
      tslib: 2.6.2

  /@polkadot/networks@12.5.1:
    resolution: {integrity: sha512-PP6UUdzz6iHHZH4q96cUEhTcydHj16+61sqeaYEJSF6Q9iY+5WVWQ26+rdjmre/EBdrMQkSS/CKy73mO5z/JkQ==}
    engines: {node: '>=16'}
    dependencies:
      '@polkadot/util': 12.5.1
      '@substrate/ss58-registry': 1.43.0
      tslib: 2.6.2

  /@polkadot/rpc-augment@10.10.1:
    resolution: {integrity: sha512-PcvsX8DNV8BNDXXnY2K8F4mE7cWz7fKg8ykXNZTN8XUN6MrI4k/ohv7itYic7X5LaP25ZmQt5UiGyjKDGIELow==}
    engines: {node: '>=16'}
    dependencies:
      '@polkadot/rpc-core': 10.10.1
      '@polkadot/types': 10.10.1
      '@polkadot/types-codec': 10.10.1
      '@polkadot/util': 12.5.1
      tslib: 2.6.2
    transitivePeerDependencies:
      - bufferutil
      - supports-color
      - utf-8-validate
    dev: false

  /@polkadot/rpc-core@10.10.1:
    resolution: {integrity: sha512-awfFfJYsVF6W4DrqTj5RP00SSDRNB770FIoe1QE1Op4NcSrfeLpwh54HUJS716f4l5mOSYuvMp+zCbKzt8zKow==}
    engines: {node: '>=16'}
    dependencies:
      '@polkadot/rpc-augment': 10.10.1
      '@polkadot/rpc-provider': 10.10.1
      '@polkadot/types': 10.10.1
      '@polkadot/util': 12.5.1
      rxjs: 7.8.1
      tslib: 2.6.2
    transitivePeerDependencies:
      - bufferutil
      - supports-color
      - utf-8-validate
    dev: false

  /@polkadot/rpc-provider@10.10.1:
    resolution: {integrity: sha512-VMDWoJgx6/mPHAOT66Sq+Jf2lJABfV/ZUIXtT2k8HjOndbm6oKrFqGEOSSLvB2q4olDee3FkFFxkyW1s6k4JaQ==}
    engines: {node: '>=16'}
    dependencies:
      '@polkadot/keyring': 12.5.1(@polkadot/util-crypto@12.5.1)(@polkadot/util@12.5.1)
      '@polkadot/types': 10.10.1
      '@polkadot/types-support': 10.10.1
      '@polkadot/util': 12.5.1
      '@polkadot/util-crypto': 12.5.1(@polkadot/util@12.5.1)
      '@polkadot/x-fetch': 12.5.1
      '@polkadot/x-global': 12.5.1
      '@polkadot/x-ws': 12.5.1
      eventemitter3: 5.0.1
      mock-socket: 9.3.1
      nock: 13.3.4
      tslib: 2.6.2
    optionalDependencies:
      '@substrate/connect': 0.7.33
    transitivePeerDependencies:
      - bufferutil
      - supports-color
      - utf-8-validate
    dev: false

  /@polkadot/types-augment@10.10.1:
    resolution: {integrity: sha512-XRHE75IocXfFE6EADYov3pqXCyBk5SWbiHoZ0+4WYWP9SwMuzsBaAy84NlhLBlkG3+ehIqi0HpAd/qrljJGZbg==}
    engines: {node: '>=16'}
    dependencies:
      '@polkadot/types': 10.10.1
      '@polkadot/types-codec': 10.10.1
      '@polkadot/util': 12.5.1
      tslib: 2.6.2

  /@polkadot/types-codec@10.10.1:
    resolution: {integrity: sha512-ETPG0wzWzt/bDKRQmYbO7CLe/0lUt8VrG6/bECdv+Kye+8Qedba2LZyTWm/9f2ngms8TZ82yI8mPv/mozdtfnw==}
    engines: {node: '>=16'}
    dependencies:
      '@polkadot/util': 12.5.1
      '@polkadot/x-bigint': 12.5.1
      tslib: 2.6.2

  /@polkadot/types-create@10.10.1:
    resolution: {integrity: sha512-7OiLzd+Ter5zrpjP7fDwA1m89kd38VvMVixfOSv8x7ld2pDT+yyyKl14TCwRSWrKWCMtIb6M3iasPhq5cUa7cw==}
    engines: {node: '>=16'}
    dependencies:
      '@polkadot/types-codec': 10.10.1
      '@polkadot/util': 12.5.1
      tslib: 2.6.2

  /@polkadot/types-known@10.10.1:
    resolution: {integrity: sha512-yRa1lbDRqg3V/zoa0vSwdGOiYTIWktILW8OfkaLDExTu0GZBSbVHZlLAta52XVpA9Zww7mrUUC9+iernOwk//w==}
    engines: {node: '>=16'}
    dependencies:
      '@polkadot/networks': 12.5.1
      '@polkadot/types': 10.10.1
      '@polkadot/types-codec': 10.10.1
      '@polkadot/types-create': 10.10.1
      '@polkadot/util': 12.5.1
      tslib: 2.6.2
    dev: false

  /@polkadot/types-support@10.10.1:
    resolution: {integrity: sha512-Cd2mwk9RG6LlX8X3H0bRY7wCTbZPqU3z38CMFhvNkFDAyjqKjtn8hpS4n8mMrZK2EwCs/MjQH1wb7rtFkaWmJw==}
    engines: {node: '>=16'}
    dependencies:
      '@polkadot/util': 12.5.1
      tslib: 2.6.2
    dev: false

  /@polkadot/types@10.10.1:
    resolution: {integrity: sha512-Ben62P1tjYEhKag34GBGcLX6NqcFR1VD5nNbWaxgr+t36Jl/tlHs6P9DlbFqQP7Tt9FmGrAYY0m3oTkhjG1NzA==}
    engines: {node: '>=16'}
    dependencies:
      '@polkadot/keyring': 12.5.1(@polkadot/util-crypto@12.5.1)(@polkadot/util@12.5.1)
      '@polkadot/types-augment': 10.10.1
      '@polkadot/types-codec': 10.10.1
      '@polkadot/types-create': 10.10.1
      '@polkadot/util': 12.5.1
      '@polkadot/util-crypto': 12.5.1(@polkadot/util@12.5.1)
      rxjs: 7.8.1
      tslib: 2.6.2

  /@polkadot/util-crypto@12.5.1(@polkadot/util@12.5.1):
    resolution: {integrity: sha512-Y8ORbMcsM/VOqSG3DgqutRGQ8XXK+X9M3C8oOEI2Tji65ZsXbh9Yh+ryPLM0oBp/9vqOXjkLgZJbbVuQceOw0A==}
    engines: {node: '>=16'}
    peerDependencies:
      '@polkadot/util': 12.5.1
    dependencies:
      '@noble/curves': 1.2.0
      '@noble/hashes': 1.3.2
      '@polkadot/networks': 12.5.1
      '@polkadot/util': 12.5.1
      '@polkadot/wasm-crypto': 7.2.2(@polkadot/util@12.5.1)(@polkadot/x-randomvalues@12.5.1)
      '@polkadot/wasm-util': 7.2.2(@polkadot/util@12.5.1)
      '@polkadot/x-bigint': 12.5.1
      '@polkadot/x-randomvalues': 12.5.1(@polkadot/util@12.5.1)(@polkadot/wasm-util@7.2.2)
      '@scure/base': 1.1.3
      tslib: 2.6.2

  /@polkadot/util@12.5.1:
    resolution: {integrity: sha512-fDBZL7D4/baMG09Qowseo884m3QBzErGkRWNBId1UjWR99kyex+cIY9fOSzmuQxo6nLdJlLHw1Nz2caN3+Bq0A==}
    engines: {node: '>=16'}
    dependencies:
      '@polkadot/x-bigint': 12.5.1
      '@polkadot/x-global': 12.5.1
      '@polkadot/x-textdecoder': 12.5.1
      '@polkadot/x-textencoder': 12.5.1
      '@types/bn.js': 5.1.2
      bn.js: 5.2.1
      tslib: 2.6.2

  /@polkadot/wasm-bridge@7.2.2(@polkadot/util@12.5.1)(@polkadot/x-randomvalues@12.5.1):
    resolution: {integrity: sha512-CgNENd65DVYtackOVXXRA0D1RPoCv5+77IdBCf7kNqu6LeAnR4nfTI6qjaApUdN1xRweUsQjSH7tu7VjkMOA0A==}
    engines: {node: '>=16'}
    peerDependencies:
      '@polkadot/util': '*'
      '@polkadot/x-randomvalues': '*'
    dependencies:
      '@polkadot/util': 12.5.1
      '@polkadot/wasm-util': 7.2.2(@polkadot/util@12.5.1)
      '@polkadot/x-randomvalues': 12.5.1(@polkadot/util@12.5.1)(@polkadot/wasm-util@7.2.2)
      tslib: 2.6.2

  /@polkadot/wasm-crypto-asmjs@7.2.2(@polkadot/util@12.5.1):
    resolution: {integrity: sha512-wKg+cpsWQCTSVhjlHuNeB/184rxKqY3vaklacbLOMbUXieIfuDBav5PJdzS3yeiVE60TpYaHW4iX/5OYHS82gg==}
    engines: {node: '>=16'}
    peerDependencies:
      '@polkadot/util': '*'
    dependencies:
      '@polkadot/util': 12.5.1
      tslib: 2.6.2

  /@polkadot/wasm-crypto-init@7.2.2(@polkadot/util@12.5.1)(@polkadot/x-randomvalues@12.5.1):
    resolution: {integrity: sha512-vD4iPIp9x+SssUIWUenxWLPw4BVIwhXHNMpsV81egK990tvpyIxL205/EF5QRb1mKn8WfWcNFm5tYwwh9NdnnA==}
    engines: {node: '>=16'}
    peerDependencies:
      '@polkadot/util': '*'
      '@polkadot/x-randomvalues': '*'
    dependencies:
      '@polkadot/util': 12.5.1
      '@polkadot/wasm-bridge': 7.2.2(@polkadot/util@12.5.1)(@polkadot/x-randomvalues@12.5.1)
      '@polkadot/wasm-crypto-asmjs': 7.2.2(@polkadot/util@12.5.1)
      '@polkadot/wasm-crypto-wasm': 7.2.2(@polkadot/util@12.5.1)
      '@polkadot/wasm-util': 7.2.2(@polkadot/util@12.5.1)
      '@polkadot/x-randomvalues': 12.5.1(@polkadot/util@12.5.1)(@polkadot/wasm-util@7.2.2)
      tslib: 2.6.2

  /@polkadot/wasm-crypto-wasm@7.2.2(@polkadot/util@12.5.1):
    resolution: {integrity: sha512-3efoIB6jA3Hhv6k0YIBwCtlC8gCSWCk+R296yIXRLLr3cGN415KM/PO/d1JIXYI64lbrRzWRmZRhllw3jf6Atg==}
    engines: {node: '>=16'}
    peerDependencies:
      '@polkadot/util': '*'
    dependencies:
      '@polkadot/util': 12.5.1
      '@polkadot/wasm-util': 7.2.2(@polkadot/util@12.5.1)
      tslib: 2.6.2

  /@polkadot/wasm-crypto@7.2.2(@polkadot/util@12.5.1)(@polkadot/x-randomvalues@12.5.1):
    resolution: {integrity: sha512-1ZY1rxUTawYm0m1zylvBMFovNIHYgG2v/XoASNp/EMG5c8FQIxCbhJRaTBA983GVq4lN/IAKREKEp9ZbLLqssA==}
    engines: {node: '>=16'}
    peerDependencies:
      '@polkadot/util': '*'
      '@polkadot/x-randomvalues': '*'
    dependencies:
      '@polkadot/util': 12.5.1
      '@polkadot/wasm-bridge': 7.2.2(@polkadot/util@12.5.1)(@polkadot/x-randomvalues@12.5.1)
      '@polkadot/wasm-crypto-asmjs': 7.2.2(@polkadot/util@12.5.1)
      '@polkadot/wasm-crypto-init': 7.2.2(@polkadot/util@12.5.1)(@polkadot/x-randomvalues@12.5.1)
      '@polkadot/wasm-crypto-wasm': 7.2.2(@polkadot/util@12.5.1)
      '@polkadot/wasm-util': 7.2.2(@polkadot/util@12.5.1)
      '@polkadot/x-randomvalues': 12.5.1(@polkadot/util@12.5.1)(@polkadot/wasm-util@7.2.2)
      tslib: 2.6.2

  /@polkadot/wasm-util@7.2.2(@polkadot/util@12.5.1):
    resolution: {integrity: sha512-N/25960ifCc56sBlJZ2h5UBpEPvxBmMLgwYsl7CUuT+ea2LuJW9Xh8VHDN/guYXwmm92/KvuendYkEUykpm/JQ==}
    engines: {node: '>=16'}
    peerDependencies:
      '@polkadot/util': '*'
    dependencies:
      '@polkadot/util': 12.5.1
      tslib: 2.6.2

  /@polkadot/x-bigint@12.5.1:
    resolution: {integrity: sha512-Fw39eoN9v0sqxSzfSC5awaDVdzojIiE7d1hRSQgVSrES+8whWvtbYMR0qwbVhTuW7DvogHmye41P9xKMlXZysg==}
    engines: {node: '>=16'}
    dependencies:
      '@polkadot/x-global': 12.5.1
      tslib: 2.6.2

  /@polkadot/x-fetch@12.5.1:
    resolution: {integrity: sha512-Bc019lOKCoQJrthiS+H3LwCahGtl5tNnb2HK7xe3DBQIUx9r2HsF/uEngNfMRUFkUYg5TPCLFbEWU8NIREBS1A==}
    engines: {node: '>=16'}
    dependencies:
      '@polkadot/x-global': 12.5.1
      node-fetch: 3.3.2
      tslib: 2.6.2
    dev: false

  /@polkadot/x-global@12.5.1:
    resolution: {integrity: sha512-6K0YtWEg0eXInDOihU5aSzeb1t9TiDdX9ZuRly+58ALSqw5kPZYmQLbzE1d8HWzyXRXK+YH65GtLzfMGqfYHmw==}
    engines: {node: '>=16'}
    dependencies:
      tslib: 2.6.2

  /@polkadot/x-randomvalues@12.5.1(@polkadot/util@12.5.1)(@polkadot/wasm-util@7.2.2):
    resolution: {integrity: sha512-UsMb1d+77EPNjW78BpHjZLIm4TaIpfqq89OhZP/6gDIoS2V9iE/AK3jOWKm1G7Y2F8XIoX1qzQpuMakjfagFoQ==}
    engines: {node: '>=16'}
    peerDependencies:
      '@polkadot/util': 12.5.1
      '@polkadot/wasm-util': '*'
    dependencies:
      '@polkadot/util': 12.5.1
      '@polkadot/wasm-util': 7.2.2(@polkadot/util@12.5.1)
      '@polkadot/x-global': 12.5.1
      tslib: 2.6.2

  /@polkadot/x-textdecoder@12.5.1:
    resolution: {integrity: sha512-j2YZGWfwhMC8nHW3BXq10fAPY02ObLL/qoTjCMJ1Cmc/OGq18Ep7k9cXXbjFAq3wf3tUUewt/u/hStKCk3IvfQ==}
    engines: {node: '>=16'}
    dependencies:
      '@polkadot/x-global': 12.5.1
      tslib: 2.6.2

  /@polkadot/x-textencoder@12.5.1:
    resolution: {integrity: sha512-1JNNpOGb4wD+c7zFuOqjibl49LPnHNr4rj4s3WflLUIZvOMY6euoDuN3ISjQSHCLlVSoH0sOCWA3qXZU4bCTDQ==}
    engines: {node: '>=16'}
    dependencies:
      '@polkadot/x-global': 12.5.1
      tslib: 2.6.2

  /@polkadot/x-ws@12.5.1:
    resolution: {integrity: sha512-efNMhB3Lh6pW2iTipMkqwrjpuUtb3EwR/jYZftiIGo5tDPB7rqoMOp9s6KRFJEIUfZkLnMUtbkZ5fHzUJaCjmQ==}
    engines: {node: '>=16'}
    dependencies:
      '@polkadot/x-global': 12.5.1
      tslib: 2.6.2
      ws: 8.14.2
    transitivePeerDependencies:
      - bufferutil
      - utf-8-validate
    dev: false

  /@scure/base@1.1.3:
    resolution: {integrity: sha512-/+SgoRjLq7Xlf0CWuLHq2LUZeL/w65kfzAPG5NH9pcmBhs+nunQTn4gvdwgMTIXnt9b2C/1SeL2XiysZEyIC9Q==}

  /@substrate/connect-extension-protocol@1.0.1:
    resolution: {integrity: sha512-161JhCC1csjH3GE5mPLEd7HbWtwNSPJBg3p1Ksz9SFlTzj/bgEwudiRN2y5i0MoLGCIJRYKyKGMxVnd29PzNjg==}
    requiresBuild: true
    dev: false
    optional: true

  /@substrate/connect@0.7.33:
    resolution: {integrity: sha512-1B984/bmXVQvTT9oV3c3b7215lvWmulP9rfP3T3Ri+OU3uIsyCzYw0A+XG6J8/jgO2FnroeNIBWlgoLaUM1uzw==}
    requiresBuild: true
    dependencies:
      '@substrate/connect-extension-protocol': 1.0.1
      smoldot: 2.0.1
    transitivePeerDependencies:
      - bufferutil
      - utf-8-validate
    dev: false
    optional: true

  /@substrate/ss58-registry@1.43.0:
    resolution: {integrity: sha512-USEkXA46P9sqClL7PZv0QFsit4S8Im97wchKG0/H/9q3AT/S76r40UHfCr4Un7eBJPE23f7fU9BZ0ITpP9MCsA==}

  /@tsconfig/node10@1.0.9:
    resolution: {integrity: sha512-jNsYVVxU8v5g43Erja32laIDHXeoNvFEpX33OK4d6hljo3jDhCBDhx5dhCCTMWUojscpAagGiRkBKxpdl9fxqA==}
    dev: true

  /@tsconfig/node12@1.0.11:
    resolution: {integrity: sha512-cqefuRsh12pWyGsIoBKJA9luFu3mRxCA+ORZvA4ktLSzIuCUtWVxGIuXigEwO5/ywWFMZ2QEGKWvkZG1zDMTag==}
    dev: true

  /@tsconfig/node14@1.0.3:
    resolution: {integrity: sha512-ysT8mhdixWK6Hw3i1V2AeRqZ5WfXg1G43mqoYlM2nc6388Fq5jcXyr5mRsqViLx/GJYdoL0bfXD8nmF+Zn/Iow==}
    dev: true

  /@tsconfig/node16@1.0.4:
    resolution: {integrity: sha512-vxhUy4J8lyeyinH7Azl1pdd43GJhZH/tP2weN8TntQblOY+A0XbT8DJk1/oCPuOOyg/Ja757rG0CgHcWC8OfMA==}
    dev: true

  /@types/bn.js@5.1.2:
    resolution: {integrity: sha512-dkpZu0szUtn9UXTmw+e0AJFd4D2XAxDnsCLdc05SfqpqzPEBft8eQr8uaFitfo/dUUOZERaLec2hHMG87A4Dxg==}
    dependencies:
      '@types/node': 20.8.6

  /@types/node@20.8.6:
    resolution: {integrity: sha512-eWO4K2Ji70QzKUqRy6oyJWUeB7+g2cRagT3T/nxYibYcT4y2BDL8lqolRXjTHmkZCdJfIPaY73KbJAZmcryxTQ==}
    dependencies:
      undici-types: 5.25.3

  /acorn-walk@8.2.0:
    resolution: {integrity: sha512-k+iyHEuPgSw6SbuDpGQM+06HQUa04DZ3o+F6CSzXMvvI5KMvnaEqXe+YVe555R9nn6GPt404fos4wcgpw12SDA==}
    engines: {node: '>=0.4.0'}
    dev: true

  /acorn@8.10.0:
    resolution: {integrity: sha512-F0SAmZ8iUtS//m8DmCTA0jlh6TDKkHQyK6xc6V4KDTyZKA9dnvX9/3sRTVQrWm79glUAZbnmmNcdYwUIHWVybw==}
    engines: {node: '>=0.4.0'}
    hasBin: true
    dev: true

  /arg@4.1.3:
    resolution: {integrity: sha512-58S9QDqG0Xx27YwPSt9fJxivjYl432YCwfDMfZ+71RAqUrZef7LrKQZ3LHLOwCS4FLNBplP533Zx895SeOCHvA==}
    dev: true

  /bn.js@5.2.1:
    resolution: {integrity: sha512-eXRvHzWyYPBuB4NBy0cmYQjGitUrtqwbvlzP3G6VFnNRbsZQIxQ10PbKKHt8gZ/HW/D/747aDl+QkDqg3KQLMQ==}

  /create-require@1.1.1:
    resolution: {integrity: sha512-dcKFX3jn0MpIaXjisoRvexIJVEKzaq7z2rZKxf+MSr9TkdmHmsU4m2lcLojrj/FHl8mk5VxMmYA+ftRkP/3oKQ==}
    dev: true

  /data-uri-to-buffer@4.0.1:
    resolution: {integrity: sha512-0R9ikRb668HB7QDxT1vkpuUBtqc53YyAwMwGeUFKRojY/NWKvdZ+9UYtRfGmhqNbRkTSVpMbmyhXipFFv2cb/A==}
    engines: {node: '>= 12'}
    dev: false

  /debug@4.3.4:
    resolution: {integrity: sha512-PRWFHuSU3eDtQJPvnNY7Jcket1j0t5OuOsFzPPzsekD52Zl8qUfFIPEiswXqIvHWGVHOgX+7G/vCNNhehwxfkQ==}
    engines: {node: '>=6.0'}
    peerDependencies:
      supports-color: '*'
    peerDependenciesMeta:
      supports-color:
        optional: true
    dependencies:
      ms: 2.1.2
    dev: false

  /diff@4.0.2:
    resolution: {integrity: sha512-58lmxKSA4BNyLz+HHMUzlOEpg09FV+ev6ZMe3vJihgdxzgcwZ8VoEEPmALCZG9LmqfVoNMMKpttIYTVG6uDY7A==}
    engines: {node: '>=0.3.1'}
    dev: true

  /eventemitter3@5.0.1:
    resolution: {integrity: sha512-GWkBvjiSZK87ELrYOSESUYeVIc9mvLLf/nXalMOS5dYrgZq9o5OVkbZAVM06CVxYsCwH9BDZFPlQTlPA1j4ahA==}
    dev: false

  /fetch-blob@3.2.0:
    resolution: {integrity: sha512-7yAQpD2UMJzLi1Dqv7qFYnPbaPx7ZfFK6PiIxQ4PfkGPyNyl2Ugx+a/umUonmKqjhM4DnfbMvdX6otXq83soQQ==}
    engines: {node: ^12.20 || >= 14.13}
    dependencies:
      node-domexception: 1.0.0
      web-streams-polyfill: 3.2.1
    dev: false

  /formdata-polyfill@4.0.10:
    resolution: {integrity: sha512-buewHzMvYL29jdeQTVILecSaZKnt/RJWjoZCF5OW60Z67/GmSLBkOFM7qh1PI3zFNtJbaZL5eQu1vLfazOwj4g==}
    engines: {node: '>=12.20.0'}
    dependencies:
      fetch-blob: 3.2.0
    dev: false

  /json-stringify-safe@5.0.1:
    resolution: {integrity: sha512-ZClg6AaYvamvYEE82d3Iyd3vSSIjQ+odgjaTzRuO3s7toCdFKczob2i0zCh7JE8kWn17yvAWhUVxvqGwUalsRA==}
    dev: false

  /lodash@4.17.21:
    resolution: {integrity: sha512-v2kDEe57lecTulaDIuNTPy3Ry4gLGJ6Z1O3vE1krgXZNrsQ+LFTGHVxVjcXPs17LhbZVGedAJv8XZ1tvj5FvSg==}
    dev: false

  /make-error@1.3.6:
    resolution: {integrity: sha512-s8UhlNe7vPKomQhC1qFelMokr/Sc3AgNbso3n74mVPA5LTZwkB9NlXf4XPamLxJE8h0gh73rM94xvwRT2CVInw==}
    dev: true

  /mock-socket@9.3.1:
    resolution: {integrity: sha512-qxBgB7Qa2sEQgHFjj0dSigq7fX4k6Saisd5Nelwp2q8mlbAFh5dHV9JTTlF8viYJLSSWgMCZFUom8PJcMNBoJw==}
    engines: {node: '>= 8'}
    dev: false

  /ms@2.1.2:
    resolution: {integrity: sha512-sGkPx+VjMtmA6MX27oA4FBFELFCZZ4S4XqeGOXCv68tT+jb3vk/RyaKWP0PTKyWtmLSM0b+adUTEvbs1PEaH2w==}
    dev: false

  /nock@13.3.4:
    resolution: {integrity: sha512-DDpmn5oLEdCTclEqweOT4U7bEpuoifBMFUXem9sA4turDAZ5tlbrEoWqCorwXey8CaAw44mst5JOQeVNiwtkhw==}
    engines: {node: '>= 10.13'}
    dependencies:
      debug: 4.3.4
      json-stringify-safe: 5.0.1
      lodash: 4.17.21
      propagate: 2.0.1
    transitivePeerDependencies:
      - supports-color
    dev: false

  /node-domexception@1.0.0:
    resolution: {integrity: sha512-/jKZoMpw0F8GRwl4/eLROPA3cfcXtLApP0QzLmUT/HuPCZWyB7IY9ZrMeKw2O/nFIqPQB3PVM9aYm0F312AXDQ==}
    engines: {node: '>=10.5.0'}
    dev: false

  /node-fetch@3.3.2:
    resolution: {integrity: sha512-dRB78srN/l6gqWulah9SrxeYnxeddIG30+GOqK/9OlLVyLg3HPnr6SqOWTWOXKRwC2eGYCkZ59NNuSgvSrpgOA==}
    engines: {node: ^12.20.0 || ^14.13.1 || >=16.0.0}
    dependencies:
      data-uri-to-buffer: 4.0.1
      fetch-blob: 3.2.0
      formdata-polyfill: 4.0.10
    dev: false

  /propagate@2.0.1:
    resolution: {integrity: sha512-vGrhOavPSTz4QVNuBNdcNXePNdNMaO1xj9yBeH1ScQPjk/rhg9sSlCXPhMkFuaNNW/syTvYqsnbIJxMBfRbbag==}
    engines: {node: '>= 8'}
    dev: false

  /rxjs@7.8.1:
    resolution: {integrity: sha512-AA3TVj+0A2iuIoQkWEK/tqFjBq2j+6PO6Y0zJcvzLAFhEFIO3HL0vls9hWLncZbAAbK0mar7oZ4V079I/qPMxg==}
    dependencies:
      tslib: 2.6.2

  /smoldot@2.0.1:
    resolution: {integrity: sha512-Wqw2fL/sELQByLSeeTX1Z/d0H4McmphPMx8vh6UZS/bIIDx81oU7s/drmx2iL/ME36uk++YxpRuJey8/MOyfOA==}
    requiresBuild: true
    dependencies:
      ws: 8.14.2
    transitivePeerDependencies:
      - bufferutil
      - utf-8-validate
    dev: false
    optional: true

  /ts-node@10.9.1(@types/node@20.8.6)(typescript@5.2.2):
    resolution: {integrity: sha512-NtVysVPkxxrwFGUUxGYhfux8k78pQB3JqYBXlLRZgdGUqTO5wU/UyHop5p70iEbGhB7q5KmiZiU0Y3KlJrScEw==}
    hasBin: true
    peerDependencies:
      '@swc/core': '>=1.2.50'
      '@swc/wasm': '>=1.2.50'
      '@types/node': '*'
      typescript: '>=2.7'
    peerDependenciesMeta:
      '@swc/core':
        optional: true
      '@swc/wasm':
        optional: true
    dependencies:
      '@cspotcode/source-map-support': 0.8.1
      '@tsconfig/node10': 1.0.9
      '@tsconfig/node12': 1.0.11
      '@tsconfig/node14': 1.0.3
      '@tsconfig/node16': 1.0.4
      '@types/node': 20.8.6
      acorn: 8.10.0
      acorn-walk: 8.2.0
      arg: 4.1.3
      create-require: 1.1.1
      diff: 4.0.2
      make-error: 1.3.6
      typescript: 5.2.2
      v8-compile-cache-lib: 3.0.1
      yn: 3.1.1
    dev: true

  /tslib@2.6.2:
    resolution: {integrity: sha512-AEYxH93jGFPn/a2iVAwW87VuUIkR1FVUKB77NwMF7nBTDkDrrT/Hpt/IrCJ0QXhW27jTBDcf5ZY7w6RiqTMw2Q==}

  /typescript@5.2.2:
    resolution: {integrity: sha512-mI4WrpHsbCIcwT9cF4FZvr80QUeKvsUsUvKDoR+X/7XHQH98xYD8YHZg7ANtz2GtZt/CBq2QJ0thkGJMHfqc1w==}
    engines: {node: '>=14.17'}
    hasBin: true
    dev: true

  /undici-types@5.25.3:
    resolution: {integrity: sha512-Ga1jfYwRn7+cP9v8auvEXN1rX3sWqlayd4HP7OKk4mZWylEmu3KzXDUGrQUN6Ol7qo1gPvB2e5gX6udnyEPgdA==}

  /v8-compile-cache-lib@3.0.1:
    resolution: {integrity: sha512-wa7YjyUGfNZngI/vtK0UHAN+lgDCxBPCylVXGp0zu59Fz5aiGtNXaq3DhIov063MorB+VfufLh3JlF2KdTK3xg==}
    dev: true

  /web-streams-polyfill@3.2.1:
    resolution: {integrity: sha512-e0MO3wdXWKrLbL0DgGnUV7WHVuw9OUvL4hjgnPkIeEvESk74gAITi5G606JtZPp39cd8HA9VQzCIvA49LpPN5Q==}
    engines: {node: '>= 8'}
    dev: false

  /ws@8.14.2:
    resolution: {integrity: sha512-wEBG1ftX4jcglPxgFCMJmZ2PLtSbJ2Peg6TmpJFTbe9GZYOQCDPdMYu/Tm0/bGZkw8paZnJY45J4K2PZrLYq8g==}
    engines: {node: '>=10.0.0'}
    peerDependencies:
      bufferutil: ^4.0.1
      utf-8-validate: '>=5.0.2'
    peerDependenciesMeta:
      bufferutil:
        optional: true
      utf-8-validate:
        optional: true
    dev: false

  /yn@3.1.1:
    resolution: {integrity: sha512-Ux4ygGWsu2c7isFWe8Yu1YluJmqVhxqK2cLXNQA5AcC3QfbGNpM7fu0Y8b/z16pXLnFxZYvWhd3fhBY9DLmC6Q==}
    engines: {node: '>=6'}
    dev: true
